
Microsoft Visual Studio Solution File, Format Version 12.00
# Visual Studio Version 17
VisualStudioVersion = 17.0.31903.59
MinimumVisualStudioVersion = 10.0.40219.1
Project("{FAE04EC0-301F-11D3-BF4B-00C04F79EFBC}") = "ForecastApi", "ForecastApi\ForecastApi.csproj", "{898A3FD2-8A05-4E54-87AC-E797A013F79F}"
EndProject
Project("{FAE04EC0-301F-11D3-BF4B-00C04F79EFBC}") = "ForecastApi.ExternalServices", "ForecastApi.ExternalServices\ForecastApi.ExternalServices.csproj", "{A97A5C44-6F63-4C54-A38B-E43DFF641DF3}"
EndProject
Global
	GlobalSection(SolutionConfigurationPlatforms) = preSolution
		Debug|Any CPU = Debug|Any CPU
		Release|Any CPU = Release|Any CPU
	EndGlobalSection
	GlobalSection(SolutionProperties) = preSolution
		HideSolutionNode = FALSE
	EndGlobalSection
	GlobalSection(ProjectConfigurationPlatforms) = postSolution
		{898A3FD2-8A05-4E54-87AC-E797A013F79F}.Debug|Any CPU.ActiveCfg = Debug|Any CPU
		{898A3FD2-8A05-4E54-87AC-E797A013F79F}.Debug|Any CPU.Build.0 = Debug|Any CPU
		{898A3FD2-8A05-4E54-87AC-E797A013F79F}.Release|Any CPU.ActiveCfg = Release|Any CPU
		{898A3FD2-8A05-4E54-87AC-E797A013F79F}.Release|Any CPU.Build.0 = Release|Any CPU
		{A97A5C44-6F63-4C54-A38B-E43DFF641DF3}.Debug|Any CPU.ActiveCfg = Debug|Any CPU
		{A97A5C44-6F63-4C54-A38B-E43DFF641DF3}.Debug|Any CPU.Build.0 = Debug|Any CPU
		{A97A5C44-6F63-4C54-A38B-E43DFF641DF3}.Release|Any CPU.ActiveCfg = Release|Any CPU
		{A97A5C44-6F63-4C54-A38B-E43DFF641DF3}.Release|Any CPU.Build.0 = Release|Any CPU
	EndGlobalSection
EndGlobal
